// !$*UTF8*$!
{
	archiveVersion = 1;
	classes = {
	};
	objectVersion = 55;
	objects = {

/* Begin PBXBuildFile section */
		4CB34B3F2774F3E200666C21 /* AppDelegate.swift in Sources */ = {isa = PBXBuildFile; fileRef = 4CB34B3E2774F3E200666C21 /* AppDelegate.swift */; };
		4CB34B412774F3E200666C21 /* SceneDelegate.swift in Sources */ = {isa = PBXBuildFile; fileRef = 4CB34B402774F3E200666C21 /* SceneDelegate.swift */; };
		4CB34B432774F3E200666C21 /* ViewController.swift in Sources */ = {isa = PBXBuildFile; fileRef = 4CB34B422774F3E200666C21 /* ViewController.swift */; };
		4CB34B462774F3E200666C21 /* Main.storyboard in Resources */ = {isa = PBXBuildFile; fileRef = 4CB34B442774F3E200666C21 /* Main.storyboard */; };
		4CB34B482774F3E500666C21 /* Assets.xcassets in Resources */ = {isa = PBXBuildFile; fileRef = 4CB34B472774F3E500666C21 /* Assets.xcassets */; };
		4CB34B4B2774F3E500666C21 /* LaunchScreen.storyboard in Resources */ = {isa = PBXBuildFile; fileRef = 4CB34B492774F3E500666C21 /* LaunchScreen.storyboard */; };
		4CB34B562774F3E600666C21 /* imc_viewcodeTests.swift in Sources */ = {isa = PBXBuildFile; fileRef = 4CB34B552774F3E600666C21 /* imc_viewcodeTests.swift */; };
		4CB34B602774F3E600666C21 /* imc_viewcodeUITests.swift in Sources */ = {isa = PBXBuildFile; fileRef = 4CB34B5F2774F3E600666C21 /* imc_viewcodeUITests.swift */; };
		4CB34B622774F3E600666C21 /* imc_viewcodeUITestsLaunchTests.swift in Sources */ = {isa = PBXBuildFile; fileRef = 4CB34B612774F3E600666C21 /* imc_viewcodeUITestsLaunchTests.swift */; };
/* End PBXBuildFile section */

/* Begin PBXContainerItemProxy section */
		4CB34B522774F3E600666C21 /* PBXContainerItemProxy */ = {
			isa = PBXContainerItemProxy;
			containerPortal = 4CB34B332774F3E200666C21 /* Project object */;
			proxyType = 1;
			remoteGlobalIDString = 4CB34B3A2774F3E200666C21;
			remoteInfo = imc_viewcode;
		};
		4CB34B5C2774F3E600666C21 /* PBXContainerItemProxy */ = {
			isa = PBXContainerItemProxy;
			containerPortal = 4CB34B332774F3E200666C21 /* Project object */;
			proxyType = 1;
			remoteGlobalIDString = 4CB34B3A2774F3E200666C21;
			remoteInfo = imc_viewcode;
		};
/* End PBXContainerItemProxy section */

/* Begin PBXFileReference section */
		4CB34B3B2774F3E200666C21 /* imc_viewcode.app */ = {isa = PBXFileReference; explicitFileType = wrapper.application; includeInIndex = 0; path = imc_viewcode.app; sourceTree = BUILT_PRODUCTS_DIR; };
		4CB34B3E2774F3E200666C21 /* AppDelegate.swift */ = {isa = PBXFileReference; lastKnownFileType = sourcecode.swift; path = AppDelegate.swift; sourceTree = "<group>"; };
		4CB34B402774F3E200666C21 /* SceneDelegate.swift */ = {isa = PBXFileReference; lastKnownFileType = sourcecode.swift; path = SceneDelegate.swift; sourceTree = "<group>"; };
		4CB34B422774F3E200666C21 /* ViewController.swift */ = {isa = PBXFileReference; lastKnownFileType = sourcecode.swift; path = ViewController.swift; sourceTree = "<group>"; };
		4CB34B452774F3E200666C21 /* Base */ = {isa = PBXFileReference; lastKnownFileType = file.storyboard; name = Base; path = Base.lproj/Main.storyboard; sourceTree = "<group>"; };
		4CB34B472774F3E500666C21 /* Assets.xcassets */ = {isa = PBXFileReference; lastKnownFileType = folder.assetcatalog; path = Assets.xcassets; sourceTree = "<group>"; };
		4CB34B4A2774F3E500666C21 /* Base */ = {isa = PBXFileReference; lastKnownFileType = file.storyboard; name = Base; path = Base.lproj/LaunchScreen.storyboard; sourceTree = "<group>"; };
		4CB34B4C2774F3E500666C21 /* Info.plist */ = {isa = PBXFileReference; lastKnownFileType = text.plist.xml; path = Info.plist; sourceTree = "<group>"; };
		4CB34B512774F3E600666C21 /* imc_viewcodeTests.xctest */ = {isa = PBXFileReference; explicitFileType = wrapper.cfbundle; includeInIndex = 0; path = imc_viewcodeTests.xctest; sourceTree = BUILT_PRODUCTS_DIR; };
		4CB34B552774F3E600666C21 /* imc_viewcodeTests.swift */ = {isa = PBXFileReference; lastKnownFileType = sourcecode.swift; path = imc_viewcodeTests.swift; sourceTree = "<group>"; };
		4CB34B5B2774F3E600666C21 /* imc_viewcodeUITests.xctest */ = {isa = PBXFileReference; explicitFileType = wrapper.cfbundle; includeInIndex = 0; path = imc_viewcodeUITests.xctest; sourceTree = BUILT_PRODUCTS_DIR; };
		4CB34B5F2774F3E600666C21 /* imc_viewcodeUITests.swift */ = {isa = PBXFileReference; lastKnownFileType = sourcecode.swift; path = imc_viewcodeUITests.swift; sourceTree = "<group>"; };
		4CB34B612774F3E600666C21 /* imc_viewcodeUITestsLaunchTests.swift */ = {isa = PBXFileReference; lastKnownFileType = sourcecode.swift; path = imc_viewcodeUITestsLaunchTests.swift; sourceTree = "<group>"; };
/* End PBXFileReference section */

/* Begin PBXFrameworksBuildPhase section */
		4CB34B382774F3E200666C21 /* Frameworks */ = {
			isa = PBXFrameworksBuildPhase;
			buildActionMask = 2147483647;
			files = (
			);
			runOnlyForDeploymentPostprocessing = 0;
		};
		4CB34B4E2774F3E600666C21 /* Frameworks */ = {
			isa = PBXFrameworksBuildPhase;
			buildActionMask = 2147483647;
			files = (
			);
			runOnlyForDeploymentPostprocessing = 0;
		};
		4CB34B582774F3E600666C21 /* Frameworks */ = {
			isa = PBXFrameworksBuildPhase;
			buildActionMask = 2147483647;
			files = (
			);
			runOnlyForDeploymentPostprocessing = 0;
		};
/* End PBXFrameworksBuildPhase section */

/* Begin PBXGroup section */
		4CB34B322774F3E200666C21 = {
			isa = PBXGroup;
			children = (
				4CB34B3D2774F3E200666C21 /* imc_viewcode */,
				4CB34B542774F3E600666C21 /* imc_viewcodeTests */,
				4CB34B5E2774F3E600666C21 /* imc_viewcodeUITests */,
				4CB34B3C2774F3E200666C21 /* Products */,
			);
			sourceTree = "<group>";
		};
		4CB34B3C2774F3E200666C21 /* Products */ = {
			isa = PBXGroup;
			children = (
				4CB34B3B2774F3E200666C21 /* imc_viewcode.app */,
				4CB34B512774F3E600666C21 /* imc_viewcodeTests.xctest */,
				4CB34B5B2774F3E600666C21 /* imc_viewcodeUITests.xctest */,
			);
			name = Products;
			sourceTree = "<group>";
		};
		4CB34B3D2774F3E200666C21 /* imc_viewcode */ = {
			isa = PBXGroup;
			children = (
				4CB34B3E2774F3E200666C21 /* AppDelegate.swift */,
				4CB34B402774F3E200666C21 /* SceneDelegate.swift */,
				4CB34B422774F3E200666C21 /* ViewController.swift */,
				4CB34B442774F3E200666C21 /* Main.storyboard */,
				4CB34B472774F3E500666C21 /* Assets.xcassets */,
				4CB34B492774F3E500666C21 /* LaunchScreen.storyboard */,
				4CB34B4C2774F3E500666C21 /* Info.plist */,
			);
			path = imc_viewcode;
			sourceTree = "<group>";
		};
		4CB34B542774F3E600666C21 /* imc_viewcodeTests */ = {
			isa = PBXGroup;
			children = (
				4CB34B552774F3E600666C21 /* imc_viewcodeTests.swift */,
			);
			path = imc_viewcodeTests;
			sourceTree = "<group>";
		};
		4CB34B5E2774F3E600666C21 /* imc_viewcodeUITests */ = {
			isa = PBXGroup;
			children = (
				4CB34B5F2774F3E600666C21 /* imc_viewcodeUITests.swift */,
				4CB34B612774F3E600666C21 /* imc_viewcodeUITestsLaunchTests.swift */,
			);
			path = imc_viewcodeUITests;
			sourceTree = "<group>";
		};
/* End PBXGroup section */

/* Begin PBXNativeTarget section */
		4CB34B3A2774F3E200666C21 /* imc_viewcode */ = {
			isa = PBXNativeTarget;
			buildConfigurationList = 4CB34B652774F3E600666C21 /* Build configuration list for PBXNativeTarget "imc_viewcode" */;
			buildPhases = (
				4CB34B372774F3E200666C21 /* Sources */,
				4CB34B382774F3E200666C21 /* Frameworks */,
				4CB34B392774F3E200666C21 /* Resources */,
			);
			buildRules = (
			);
			dependencies = (
			);
			name = imc_viewcode;
			productName = imc_viewcode;
			productReference = 4CB34B3B2774F3E200666C21 /* imc_viewcode.app */;
			productType = "com.apple.product-type.application";
		};
		4CB34B502774F3E600666C21 /* imc_viewcodeTests */ = {
			isa = PBXNativeTarget;
			buildConfigurationList = 4CB34B682774F3E600666C21 /* Build configuration list for PBXNativeTarget "imc_viewcodeTests" */;
			buildPhases = (
				4CB34B4D2774F3E600666C21 /* Sources */,
				4CB34B4E2774F3E600666C21 /* Frameworks */,
				4CB34B4F2774F3E600666C21 /* Resources */,
			);
			buildRules = (
			);
			dependencies = (
				4CB34B532774F3E600666C21 /* PBXTargetDependency */,
			);
			name = imc_viewcodeTests;
			productName = imc_viewcodeTests;
			productReference = 4CB34B512774F3E600666C21 /* imc_viewcodeTests.xctest */;
			productType = "com.apple.product-type.bundle.unit-test";
		};
		4CB34B5A2774F3E600666C21 /* imc_viewcodeUITests */ = {
			isa = PBXNativeTarget;
			buildConfigurationList = 4CB34B6B2774F3E600666C21 /* Build configuration list for PBXNativeTarget "imc_viewcodeUITests" */;
			buildPhases = (
				4CB34B572774F3E600666C21 /* Sources */,
				4CB34B582774F3E600666C21 /* Frameworks */,
				4CB34B592774F3E600666C21 /* Resources */,
			);
			buildRules = (
			);
			dependencies = (
				4CB34B5D2774F3E600666C21 /* PBXTargetDependency */,
			);
			name = imc_viewcodeUITests;
			productName = imc_viewcodeUITests;
			productReference = 4CB34B5B2774F3E600666C21 /* imc_viewcodeUITests.xctest */;
			productType = "com.apple.product-type.bundle.ui-testing";
		};
/* End PBXNativeTarget section */

/* Begin PBXProject section */
		4CB34B332774F3E200666C21 /* Project object */ = {
			isa = PBXProject;
			attributes = {
				BuildIndependentTargetsInParallel = 1;
				LastSwiftUpdateCheck = 1320;
				LastUpgradeCheck = 1320;
				TargetAttributes = {
					4CB34B3A2774F3E200666C21 = {
						CreatedOnToolsVersion = 13.2.1;
					};
					4CB34B502774F3E600666C21 = {
						CreatedOnToolsVersion = 13.2.1;
						TestTargetID = 4CB34B3A2774F3E200666C21;
					};
					4CB34B5A2774F3E600666C21 = {
						CreatedOnToolsVersion = 13.2.1;
						TestTargetID = 4CB34B3A2774F3E200666C21;
					};
				};
			};
			buildConfigurationList = 4CB34B362774F3E200666C21 /* Build configuration list for PBXProject "imc_viewcode" */;
			compatibilityVersion = "Xcode 13.0";
			developmentRegion = en;
			hasScannedForEncodings = 0;
			knownRegions = (
				en,
				Base,
			);
			mainGroup = 4CB34B322774F3E200666C21;
			productRefGroup = 4CB34B3C2774F3E200666C21 /* Products */;
			projectDirPath = "";
			projectRoot = "";
			targets = (
				4CB34B3A2774F3E200666C21 /* imc_viewcode */,
				4CB34B502774F3E600666C21 /* imc_viewcodeTests */,
				4CB34B5A2774F3E600666C21 /* imc_viewcodeUITests */,
			);
		};
/* End PBXProject section */

/* Begin PBXResourcesBuildPhase section */
		4CB34B392774F3E200666C21 /* Resources */ = {
			isa = PBXResourcesBuildPhase;
			buildActionMask = 2147483647;
			files = (
				4CB34B4B2774F3E500666C21 /* LaunchScreen.storyboard in Resources */,
				4CB34B482774F3E500666C21 /* Assets.xcassets in Resources */,
				4CB34B462774F3E200666C21 /* Main.storyboard in Resources */,
			);
			runOnlyForDeploymentPostprocessing = 0;
		};
		4CB34B4F2774F3E600666C21 /* Resources */ = {
			isa = PBXResourcesBuildPhase;
			buildActionMask = 2147483647;
			files = (
			);
			runOnlyForDeploymentPostprocessing = 0;
		};
		4CB34B592774F3E600666C21 /* Resources */ = {
			isa = PBXResourcesBuildPhase;
			buildActionMask = 2147483647;
			files = (
			);
			runOnlyForDeploymentPostprocessing = 0;
		};
/* End PBXResourcesBuildPhase section */

/* Begin PBXSourcesBuildPhase section */
		4CB34B372774F3E200666C21 /* Sources */ = {
			isa = PBXSourcesBuildPhase;
			buildActionMask = 2147483647;
			files = (
				4CB34B432774F3E200666C21 /* ViewController.swift in Sources */,
				4CB34B3F2774F3E200666C21 /* AppDelegate.swift in Sources */,
				4CB34B412774F3E200666C21 /* SceneDelegate.swift in Sources */,
			);
			runOnlyForDeploymentPostprocessing = 0;
		};
		4CB34B4D2774F3E600666C21 /* Sources */ = {
			isa = PBXSourcesBuildPhase;
			buildActionMask = 2147483647;
			files = (
				4CB34B562774F3E600666C21 /* imc_viewcodeTests.swift in Sources */,
			);
			runOnlyForDeploymentPostprocessing = 0;
		};
		4CB34B572774F3E600666C21 /* Sources */ = {
			isa = PBXSourcesBuildPhase;
			buildActionMask = 2147483647;
			files = (
				4CB34B622774F3E600666C21 /* imc_viewcodeUITestsLaunchTests.swift in Sources */,
				4CB34B602774F3E600666C21 /* imc_viewcodeUITests.swift in Sources */,
			);
			runOnlyForDeploymentPostprocessing = 0;
		};
/* End PBXSourcesBuildPhase section */

/* Begin PBXTargetDependency section */
		4CB34B532774F3E600666C21 /* PBXTargetDependency */ = {
			isa = PBXTargetDependency;
			target = 4CB34B3A2774F3E200666C21 /* imc_viewcode */;
			targetProxy = 4CB34B522774F3E600666C21 /* PBXContainerItemProxy */;
		};
		4CB34B5D2774F3E600666C21 /* PBXTargetDependency */ = {
			isa = PBXTargetDependency;
			target = 4CB34B3A2774F3E200666C21 /* imc_viewcode */;
			targetProxy = 4CB34B5C2774F3E600666C21 /* PBXContainerItemProxy */;
		};
/* End PBXTargetDependency section */

/* Begin PBXVariantGroup section */
		4CB34B442774F3E200666C21 /* Main.storyboard */ = {
			isa = PBXVariantGroup;
			children = (
				4CB34B452774F3E200666C21 /* Base */,
			);
			name = Main.storyboard;
			sourceTree = "<group>";
		};
		4CB34B492774F3E500666C21 /* LaunchScreen.storyboard */ = {
			isa = PBXVariantGroup;
			children = (
				4CB34B4A2774F3E500666C21 /* Base */,
			);
			name = LaunchScreen.storyboard;
			sourceTree = "<group>";
		};
/* End PBXVariantGroup section */

/* Begin XCBuildConfiguration section */
		4CB34B632774F3E600666C21 /* Debug */ = {
			isa = XCBuildConfiguration;
			buildSettings = {
				ALWAYS_SEARCH_USER_PATHS = NO;
				CLANG_ANALYZER_NONNULL = YES;
				CLANG_ANALYZER_NUMBER_OBJECT_CONVERSION = YES_AGGRESSIVE;
				CLANG_CXX_LANGUAGE_STANDARD = "gnu++17";
				CLANG_CXX_LIBRARY = "libc++";
				CLANG_ENABLE_MODULES = YES;
				CLANG_ENABLE_OBJC_ARC = YES;
				CLANG_ENABLE_OBJC_WEAK = YES;
				CLANG_WARN_BLOCK_CAPTURE_AUTORELEASING = YES;
				CLANG_WARN_BOOL_CONVERSION = YES;
				CLANG_WARN_COMMA = YES;
				CLANG_WARN_CONSTANT_CONVERSION = YES;
				CLANG_WARN_DEPRECATED_OBJC_IMPLEMENTATIONS = YES;
				CLANG_WARN_DIRECT_OBJC_ISA_USAGE = YES_ERROR;
				CLANG_WARN_DOCUMENTATION_COMMENTS = YES;
				CLANG_WARN_EMPTY_BODY = YES;
				CLANG_WARN_ENUM_CONVERSION = YES;
				CLANG_WARN_INFINITE_RECURSION = YES;
				CLANG_WARN_INT_CONVERSION = YES;
				CLANG_WARN_NON_LITERAL_NULL_CONVERSION = YES;
				CLANG_WARN_OBJC_IMPLICIT_RETAIN_SELF = YES;
				CLANG_WARN_OBJC_LITERAL_CONVERSION = YES;
				CLANG_WARN_OBJC_ROOT_CLASS = YES_ERROR;
				CLANG_WARN_QUOTED_INCLUDE_IN_FRAMEWORK_HEADER = YES;
				CLANG_WARN_RANGE_LOOP_ANALYSIS = YES;
				CLANG_WARN_STRICT_PROTOTYPES = YES;
				CLANG_WARN_SUSPICIOUS_MOVE = YES;
				CLANG_WARN_UNGUARDED_AVAILABILITY = YES_AGGRESSIVE;
				CLANG_WARN_UNREACHABLE_CODE = YES;
				CLANG_WARN__DUPLICATE_METHOD_MATCH = YES;
				COPY_PHASE_STRIP = NO;
				DEBUG_INFORMATION_FORMAT = dwarf;
				ENABLE_STRICT_OBJC_MSGSEND = YES;
				ENABLE_TESTABILITY = YES;
				GCC_C_LANGUAGE_STANDARD = gnu11;
				GCC_DYNAMIC_NO_PIC = NO;
				GCC_NO_COMMON_BLOCKS = YES;
				GCC_OPTIMIZATION_LEVEL = 0;
				GCC_PREPROCESSOR_DEFINITIONS = (
					"DEBUG=1",
					"$(inherited)",
				);
				GCC_WARN_64_TO_32_BIT_CONVERSION = YES;
				GCC_WARN_ABOUT_RETURN_TYPE = YES_ERROR;
				GCC_WARN_UNDECLARED_SELECTOR = YES;
				GCC_WARN_UNINITIALIZED_AUTOS = YES_AGGRESSIVE;
				GCC_WARN_UNUSED_FUNCTION = YES;
				GCC_WARN_UNUSED_VARIABLE = YES;
				IPHONEOS_DEPLOYMENT_TARGET = 15.2;
				MTL_ENABLE_DEBUG_INFO = INCLUDE_SOURCE;
				MTL_FAST_MATH = YES;
				ONLY_ACTIVE_ARCH = YES;
				SDKROOT = iphoneos;
				SWIFT_ACTIVE_COMPILATION_CONDITIONS = DEBUG;
				SWIFT_OPTIMIZATION_LEVEL = "-Onone";
			};
			name = Debug;
		};
		4CB34B642774F3E600666C21 /* Release */ = {
			isa = XCBuildConfiguration;
			buildSettings = {
				ALWAYS_SEARCH_USER_PATHS = NO;
				CLANG_ANALYZER_NONNULL = YES;
				CLANG_ANALYZER_NUMBER_OBJECT_CONVERSION = YES_AGGRESSIVE;
				CLANG_CXX_LANGUAGE_STANDARD = "gnu++17";
				CLANG_CXX_LIBRARY = "libc++";
				CLANG_ENABLE_MODULES = YES;
				CLANG_ENABLE_OBJC_ARC = YES;
				CLANG_ENABLE_OBJC_WEAK = YES;
				CLANG_WARN_BLOCK_CAPTURE_AUTORELEASING = YES;
				CLANG_WARN_BOOL_CONVERSION = YES;
				CLANG_WARN_COMMA = YES;
				CLANG_WARN_CONSTANT_CONVERSION = YES;
				CLANG_WARN_DEPRECATED_OBJC_IMPLEMENTATIONS = YES;
				CLANG_WARN_DIRECT_OBJC_ISA_USAGE = YES_ERROR;
				CLANG_WARN_DOCUMENTATION_COMMENTS = YES;
				CLANG_WARN_EMPTY_BODY = YES;
				CLANG_WARN_ENUM_CONVERSION = YES;
				CLANG_WARN_INFINITE_RECURSION = YES;
				CLANG_WARN_INT_CONVERSION = YES;
				CLANG_WARN_NON_LITERAL_NULL_CONVERSION = YES;
				CLANG_WARN_OBJC_IMPLICIT_RETAIN_SELF = YES;
				CLANG_WARN_OBJC_LITERAL_CONVERSION = YES;
				CLANG_WARN_OBJC_ROOT_CLASS = YES_ERROR;
				CLANG_WARN_QUOTED_INCLUDE_IN_FRAMEWORK_HEADER = YES;
				CLANG_WARN_RANGE_LOOP_ANALYSIS = YES;
				CLANG_WARN_STRICT_PROTOTYPES = YES;
				CLANG_WARN_SUSPICIOUS_MOVE = YES;
				CLANG_WARN_UNGUARDED_AVAILABILITY = YES_AGGRESSIVE;
				CLANG_WARN_UNREACHABLE_CODE = YES;
				CLANG_WARN__DUPLICATE_METHOD_MATCH = YES;
				COPY_PHASE_STRIP = NO;
				DEBUG_INFORMATION_FORMAT = "dwarf-with-dsym";
				ENABLE_NS_ASSERTIONS = NO;
				ENABLE_STRICT_OBJC_MSGSEND = YES;
				GCC_C_LANGUAGE_STANDARD = gnu11;
				GCC_NO_COMMON_BLOCKS = YES;
				GCC_WARN_64_TO_32_BIT_CONVERSION = YES;
				GCC_WARN_ABOUT_RETURN_TYPE = YES_ERROR;
				GCC_WARN_UNDECLARED_SELECTOR = YES;
				GCC_WARN_UNINITIALIZED_AUTOS = YES_AGGRESSIVE;
				GCC_WARN_UNUSED_FUNCTION = YES;
				GCC_WARN_UNUSED_VARIABLE = YES;
				IPHONEOS_DEPLOYMENT_TARGET = 15.2;
				MTL_ENABLE_DEBUG_INFO = NO;
				MTL_FAST_MATH = YES;
				SDKROOT = iphoneos;
				SWIFT_COMPILATION_MODE = wholemodule;
				SWIFT_OPTIMIZATION_LEVEL = "-O";
				VALIDATE_PRODUCT = YES;
			};
			name = Release;
		};
		4CB34B662774F3E600666C21 /* Debug */ = {
			isa = XCBuildConfiguration;
			buildSettings = {
				ASSETCATALOG_COMPILER_APPICON_NAME = AppIcon;
				ASSETCATALOG_COMPILER_GLOBAL_ACCENT_COLOR_NAME = AccentColor;
				CODE_SIGN_STYLE = Automatic;
				CURRENT_PROJECT_VERSION = 1;
				DEVELOPMENT_TEAM = ZX8B9U4537;
				GENERATE_INFOPLIST_FILE = YES;
				INFOPLIST_FILE = imc_viewcode/Info.plist;
				INFOPLIST_KEY_UIApplicationSupportsIndirectInputEvents = YES;
				INFOPLIST_KEY_UILaunchStoryboardName = LaunchScreen;
				INFOPLIST_KEY_UIMainStoryboardFile = Main;
				INFOPLIST_KEY_UISupportedInterfaceOrientations_iPad = "UIInterfaceOrientationPortrait UIInterfaceOrientationPortraitUpsideDown UIInterfaceOrientationLandscapeLeft UIInterfaceOrientationLandscapeRight";
				INFOPLIST_KEY_UISupportedInterfaceOrientations_iPhone = "UIInterfaceOrientationPortrait UIInterfaceOrientationLandscapeLeft UIInterfaceOrientationLandscapeRight";
				LD_RUNPATH_SEARCH_PATHS = (
					"$(inherited)",
					"@executable_path/Frameworks",
				);
				MARKETING_VERSION = 1.0;
				PRODUCT_BUNDLE_IDENTIFIER = "com.danielaraujo.imc-viewcode";
				PRODUCT_NAME = "$(TARGET_NAME)";
				SWIFT_EMIT_LOC_STRINGS = YES;
				SWIFT_VERSION = 5.0;
				TARGETED_DEVICE_FAMILY = "1,2";
			};
			name = Debug;
		};
		4CB34B672774F3E600666C21 /* Release */ = {
			isa = XCBuildConfiguration;
			buildSettings = {
				ASSETCATALOG_COMPILER_APPICON_NAME = AppIcon;
				ASSETCATALOG_COMPILER_GLOBAL_ACCENT_COLOR_NAME = AccentColor;
				CODE_SIGN_STYLE = Automatic;
				CURRENT_PROJECT_VERSION = 1;
				DEVELOPMENT_TEAM = ZX8B9U4537;
				GENERATE_INFOPLIST_FILE = YES;
				INFOPLIST_FILE = imc_viewcode/Info.plist;
				INFOPLIST_KEY_UIApplicationSupportsIndirectInputEvents = YES;
				INFOPLIST_KEY_UILaunchStoryboardName = LaunchScreen;
				INFOPLIST_KEY_UIMainStoryboardFile = Main;
				INFOPLIST_KEY_UISupportedInterfaceOrientations_iPad = "UIInterfaceOrientationPortrait UIInterfaceOrientationPortraitUpsideDown UIInterfaceOrientationLandscapeLeft UIInterfaceOrientationLandscapeRight";
				INFOPLIST_KEY_UISupportedInterfaceOrientations_iPhone = "UIInterfaceOrientationPortrait UIInterfaceOrientationLandscapeLeft UIInterfaceOrientationLandscapeRight";
				LD_RUNPATH_SEARCH_PATHS = (
					"$(inherited)",
					"@executable_path/Frameworks",
				);
				MARKETING_VERSION = 1.0;
				PRODUCT_BUNDLE_IDENTIFIER = "com.danielaraujo.imc-viewcode";
				PRODUCT_NAME = "$(TARGET_NAME)";
				SWIFT_EMIT_LOC_STRINGS = YES;
				SWIFT_VERSION = 5.0;
				TARGETED_DEVICE_FAMILY = "1,2";
			};
			name = Release;
		};
		4CB34B692774F3E600666C21 /* Debug */ = {
			isa = XCBuildConfiguration;
			buildSettings = {
				ALWAYS_EMBED_SWIFT_STANDARD_LIBRARIES = YES;
				BUNDLE_LOADER = "$(TEST_HOST)";
				CODE_SIGN_STYLE = Automatic;
				CURRENT_PROJECT_VERSION = 1;
				DEVELOPMENT_TEAM = ZX8B9U4537;
				GENERATE_INFOPLIST_FILE = YES;
				IPHONEOS_DEPLOYMENT_TARGET = 15.2;
				MARKETING_VERSION = 1.0;
				PRODUCT_BUNDLE_IDENTIFIER = "com.danielaraujo.imc-viewcodeTests";
				PRODUCT_NAME = "$(TARGET_NAME)";
				SWIFT_EMIT_LOC_STRINGS = NO;
				SWIFT_VERSION = 5.0;
				TARGETED_DEVICE_FAMILY = "1,2";
				TEST_HOST = "$(BUILT_PRODUCTS_DIR)/imc_viewcode.app/imc_viewcode";
			};
			name = Debug;
		};
		4CB34B6A2774F3E600666C21 /* Release */ = {
			isa = XCBuildConfiguration;
			buildSettings = {
				ALWAYS_EMBED_SWIFT_STANDARD_LIBRARIES = YES;
				BUNDLE_LOADER = "$(TEST_HOST)";
				CODE_SIGN_STYLE = Automatic;
				CURRENT_PROJECT_VERSION = 1;
				DEVELOPMENT_TEAM = ZX8B9U4537;
				GENERATE_INFOPLIST_FILE = YES;
				IPHONEOS_DEPLOYMENT_TARGET = 15.2;
				MARKETING_VERSION = 1.0;
				PRODUCT_BUNDLE_IDENTIFIER = "com.danielaraujo.imc-viewcodeTests";
				PRODUCT_NAME = "$(TARGET_NAME)";
				SWIFT_EMIT_LOC_STRINGS = NO;
				SWIFT_VERSION = 5.0;
				TARGETED_DEVICE_FAMILY = "1,2";
				TEST_HOST = "$(BUILT_PRODUCTS_DIR)/imc_viewcode.app/imc_viewcode";
			};
			name = Release;
		};
		4CB34B6C2774F3E600666C21 /* Debug */ = {
			isa = XCBuildConfiguration;
			buildSettings = {
				ALWAYS_EMBED_SWIFT_STANDARD_LIBRARIES = YES;
				CODE_SIGN_STYLE = Automatic;
				CURRENT_PROJECT_VERSION = 1;
				DEVELOPMENT_TEAM = ZX8B9U4537;
				GENERATE_INFOPLIST_FILE = YES;
				MARKETING_VERSION = 1.0;
				PRODUCT_BUNDLE_IDENTIFIER = "com.danielaraujo.imc-viewcodeUITests";
				PRODUCT_NAME = "$(TARGET_NAME)";
				SWIFT_EMIT_LOC_STRINGS = NO;
				SWIFT_VERSION = 5.0;
				TARGETED_DEVICE_FAMILY = "1,2";
				TEST_TARGET_NAME = imc_viewcode;
			};
			name = Debug;
		};
		4CB34B6D2774F3E600666C21 /* Release */ = {
			isa = XCBuildConfiguration;
			buildSettings = {
				ALWAYS_EMBED_SWIFT_STANDARD_LIBRARIES = YES;
				CODE_SIGN_STYLE = Automatic;
				CURRENT_PROJECT_VERSION = 1;
				DEVELOPMENT_TEAM = ZX8B9U4537;
				GENERATE_INFOPLIST_FILE = YES;
				MARKETING_VERSION = 1.0;
				PRODUCT_BUNDLE_IDENTIFIER = "com.danielaraujo.imc-viewcodeUITests";
				PRODUCT_NAME = "$(TARGET_NAME)";
				SWIFT_EMIT_LOC_STRINGS = NO;
				SWIFT_VERSION = 5.0;
				TARGETED_DEVICE_FAMILY = "1,2";
				TEST_TARGET_NAME = imc_viewcode;
			};
			name = Release;
		};
/* End XCBuildConfiguration section */

/* Begin XCConfigurationList section */
		4CB34B362774F3E200666C21 /* Build configuration list for PBXProject "imc_viewcode" */ = {
			isa = XCConfigurationList;
			buildConfigurations = (
				4CB34B632774F3E600666C21 /* Debug */,
				4CB34B642774F3E600666C21 /* Release */,
			);
			defaultConfigurationIsVisible = 0;
			defaultConfigurationName = Release;
		};
		4CB34B652774F3E600666C21 /* Build configuration list for PBXNativeTarget "imc_viewcode" */ = {
			isa = XCConfigurationList;
			buildConfigurations = (
				4CB34B662774F3E600666C21 /* Debug */,
				4CB34B672774F3E600666C21 /* Release */,
			);
			defaultConfigurationIsVisible = 0;
			defaultConfigurationName = Release;
		};
		4CB34B682774F3E600666C21 /* Build configuration list for PBXNativeTarget "imc_viewcodeTests" */ = {
			isa = XCConfigurationList;
			buildConfigurations = (
				4CB34B692774F3E600666C21 /* Debug */,
				4CB34B6A2774F3E600666C21 /* Release */,
			);
			defaultConfigurationIsVisible = 0;
			defaultConfigurationName = Release;
		};
		4CB34B6B2774F3E600666C21 /* Build configuration list for PBXNativeTarget "imc_viewcodeUITests" */ = {
			isa = XCConfigurationList;
			buildConfigurations = (
				4CB34B6C2774F3E600666C21 /* Debug */,
				4CB34B6D2774F3E600666C21 /* Release */,
			);
			defaultConfigurationIsVisible = 0;
			defaultConfigurationName = Release;
		};
/* End XCConfigurationList section */
	};
	rootObject = 4CB34B332774F3E200666C21 /* Project object */;
}
