// !$*UTF8*$!
{
	archiveVersion = 1;
	classes = {
	};
	objectVersion = 55;
	objects = {

/* Begin PBXBuildFile section */
		3825C8AA800190382D189273 /* Pods_imc_viewcodeTests.framework in Frameworks */ = {isa = PBXBuildFile; fileRef = 89981499D9D425A86146B6D7 /* Pods_imc_viewcodeTests.framework */; };
		4CB34B3F2774F3E200666C21 /* AppDelegate.swift in Sources */ = {isa = PBXBuildFile; fileRef = 4CB34B3E2774F3E200666C21 /* AppDelegate.swift */; };
		4CB34B432774F3E200666C21 /* ViewController.swift in Sources */ = {isa = PBXBuildFile; fileRef = 4CB34B422774F3E200666C21 /* ViewController.swift */; };
		4CB34B482774F3E500666C21 /* Assets.xcassets in Resources */ = {isa = PBXBuildFile; fileRef = 4CB34B472774F3E500666C21 /* Assets.xcassets */; };
		4CB34B4B2774F3E500666C21 /* LaunchScreen.storyboard in Resources */ = {isa = PBXBuildFile; fileRef = 4CB34B492774F3E500666C21 /* LaunchScreen.storyboard */; };
		4CB34B562774F3E600666C21 /* imc_viewcodeTests.swift in Sources */ = {isa = PBXBuildFile; fileRef = 4CB34B552774F3E600666C21 /* imc_viewcodeTests.swift */; };
		4CB34B602774F3E600666C21 /* imc_viewcodeUITests.swift in Sources */ = {isa = PBXBuildFile; fileRef = 4CB34B5F2774F3E600666C21 /* imc_viewcodeUITests.swift */; };
		4CB34B622774F3E600666C21 /* imc_viewcodeUITestsLaunchTests.swift in Sources */ = {isa = PBXBuildFile; fileRef = 4CB34B612774F3E600666C21 /* imc_viewcodeUITestsLaunchTests.swift */; };
		4CB34B712774F78700666C21 /* ColorExtensions.swift in Sources */ = {isa = PBXBuildFile; fileRef = 4CB34B702774F78700666C21 /* ColorExtensions.swift */; };
		4CB34B752774F85D00666C21 /* FirstScreenViewController.swift in Sources */ = {isa = PBXBuildFile; fileRef = 4CB34B742774F85D00666C21 /* FirstScreenViewController.swift */; };
		4CB34B782774F8BB00666C21 /* CodeViewProtocol.swift in Sources */ = {isa = PBXBuildFile; fileRef = 4CB34B772774F8BB00666C21 /* CodeViewProtocol.swift */; };
		4CB34B7A2774FB7300666C21 /* FirstScreenViewControllerSpec.swift in Sources */ = {isa = PBXBuildFile; fileRef = 4CB34B792774FB7300666C21 /* FirstScreenViewControllerSpec.swift */; };
		4CB34B7C27752F1600666C21 /* .gitignore in Resources */ = {isa = PBXBuildFile; fileRef = 4CB34B7B27752F1600666C21 /* .gitignore */; };
		9124BC782F54B0C844CD1D18 /* Pods_imc_viewcode.framework in Frameworks */ = {isa = PBXBuildFile; fileRef = 1EE122AAC13F278D37BA4FD8 /* Pods_imc_viewcode.framework */; };
		C19DA18A5F875727EB7E59B2 /* Pods_imc_viewcode_imc_viewcodeUITests.framework in Frameworks */ = {isa = PBXBuildFile; fileRef = BF7282C8708F913622455B52 /* Pods_imc_viewcode_imc_viewcodeUITests.framework */; };
/* End PBXBuildFile section */

/* Begin PBXContainerItemProxy section */
		4CB34B522774F3E600666C21 /* PBXContainerItemProxy */ = {
			isa = PBXContainerItemProxy;
			containerPortal = 4CB34B332774F3E200666C21 /* Project object */;
			proxyType = 1;
			remoteGlobalIDString = 4CB34B3A2774F3E200666C21;
			remoteInfo = imc_viewcode;
		};
		4CB34B5C2774F3E600666C21 /* PBXContainerItemProxy */ = {
			isa = PBXContainerItemProxy;
			containerPortal = 4CB34B332774F3E200666C21 /* Project object */;
			proxyType = 1;
			remoteGlobalIDString = 4CB34B3A2774F3E200666C21;
			remoteInfo = imc_viewcode;
		};
/* End PBXContainerItemProxy section */

/* Begin PBXFileReference section */
		1EE122AAC13F278D37BA4FD8 /* Pods_imc_viewcode.framework */ = {isa = PBXFileReference; explicitFileType = wrapper.framework; includeInIndex = 0; path = Pods_imc_viewcode.framework; sourceTree = BUILT_PRODUCTS_DIR; };
		33F1916AF0C118CAB1C96818 /* Pods-imc_viewcode-imc_viewcodeUITests.debug.xcconfig */ = {isa = PBXFileReference; includeInIndex = 1; lastKnownFileType = text.xcconfig; name = "Pods-imc_viewcode-imc_viewcodeUITests.debug.xcconfig"; path = "Target Support Files/Pods-imc_viewcode-imc_viewcodeUITests/Pods-imc_viewcode-imc_viewcodeUITests.debug.xcconfig"; sourceTree = "<group>"; };
		4CB34B3B2774F3E200666C21 /* imc_viewcode.app */ = {isa = PBXFileReference; explicitFileType = wrapper.application; includeInIndex = 0; path = imc_viewcode.app; sourceTree = BUILT_PRODUCTS_DIR; };
		4CB34B3E2774F3E200666C21 /* AppDelegate.swift */ = {isa = PBXFileReference; lastKnownFileType = sourcecode.swift; path = AppDelegate.swift; sourceTree = "<group>"; };
		4CB34B422774F3E200666C21 /* ViewController.swift */ = {isa = PBXFileReference; lastKnownFileType = sourcecode.swift; path = ViewController.swift; sourceTree = "<group>"; };
		4CB34B472774F3E500666C21 /* Assets.xcassets */ = {isa = PBXFileReference; lastKnownFileType = folder.assetcatalog; path = Assets.xcassets; sourceTree = "<group>"; };
		4CB34B4A2774F3E500666C21 /* Base */ = {isa = PBXFileReference; lastKnownFileType = file.storyboard; name = Base; path = Base.lproj/LaunchScreen.storyboard; sourceTree = "<group>"; };
		4CB34B4C2774F3E500666C21 /* Info.plist */ = {isa = PBXFileReference; lastKnownFileType = text.plist.xml; path = Info.plist; sourceTree = "<group>"; };
		4CB34B512774F3E600666C21 /* imc_viewcodeTests.xctest */ = {isa = PBXFileReference; explicitFileType = wrapper.cfbundle; includeInIndex = 0; path = imc_viewcodeTests.xctest; sourceTree = BUILT_PRODUCTS_DIR; };
		4CB34B552774F3E600666C21 /* imc_viewcodeTests.swift */ = {isa = PBXFileReference; lastKnownFileType = sourcecode.swift; path = imc_viewcodeTests.swift; sourceTree = "<group>"; };
		4CB34B5B2774F3E600666C21 /* imc_viewcodeUITests.xctest */ = {isa = PBXFileReference; explicitFileType = wrapper.cfbundle; includeInIndex = 0; path = imc_viewcodeUITests.xctest; sourceTree = BUILT_PRODUCTS_DIR; };
		4CB34B5F2774F3E600666C21 /* imc_viewcodeUITests.swift */ = {isa = PBXFileReference; lastKnownFileType = sourcecode.swift; path = imc_viewcodeUITests.swift; sourceTree = "<group>"; };
		4CB34B612774F3E600666C21 /* imc_viewcodeUITestsLaunchTests.swift */ = {isa = PBXFileReference; lastKnownFileType = sourcecode.swift; path = imc_viewcodeUITestsLaunchTests.swift; sourceTree = "<group>"; };
		4CB34B702774F78700666C21 /* ColorExtensions.swift */ = {isa = PBXFileReference; lastKnownFileType = sourcecode.swift; path = ColorExtensions.swift; sourceTree = "<group>"; };
		4CB34B742774F85D00666C21 /* FirstScreenViewController.swift */ = {isa = PBXFileReference; lastKnownFileType = sourcecode.swift; path = FirstScreenViewController.swift; sourceTree = "<group>"; };
		4CB34B772774F8BB00666C21 /* CodeViewProtocol.swift */ = {isa = PBXFileReference; lastKnownFileType = sourcecode.swift; path = CodeViewProtocol.swift; sourceTree = "<group>"; };
		4CB34B792774FB7300666C21 /* FirstScreenViewControllerSpec.swift */ = {isa = PBXFileReference; lastKnownFileType = sourcecode.swift; path = FirstScreenViewControllerSpec.swift; sourceTree = "<group>"; };
		4CB34B7B27752F1600666C21 /* .gitignore */ = {isa = PBXFileReference; lastKnownFileType = text; path = .gitignore; sourceTree = "<group>"; };
		5D32B662B32E1718EE05A6A5 /* Pods-imc_viewcode-imc_viewcodeUITests.release.xcconfig */ = {isa = PBXFileReference; includeInIndex = 1; lastKnownFileType = text.xcconfig; name = "Pods-imc_viewcode-imc_viewcodeUITests.release.xcconfig"; path = "Target Support Files/Pods-imc_viewcode-imc_viewcodeUITests/Pods-imc_viewcode-imc_viewcodeUITests.release.xcconfig"; sourceTree = "<group>"; };
		76B7B2AA02D1746A878AD5BB /* Pods-imc_viewcodeTests.release.xcconfig */ = {isa = PBXFileReference; includeInIndex = 1; lastKnownFileType = text.xcconfig; name = "Pods-imc_viewcodeTests.release.xcconfig"; path = "Target Support Files/Pods-imc_viewcodeTests/Pods-imc_viewcodeTests.release.xcconfig"; sourceTree = "<group>"; };
		89981499D9D425A86146B6D7 /* Pods_imc_viewcodeTests.framework */ = {isa = PBXFileReference; explicitFileType = wrapper.framework; includeInIndex = 0; path = Pods_imc_viewcodeTests.framework; sourceTree = BUILT_PRODUCTS_DIR; };
		BF7282C8708F913622455B52 /* Pods_imc_viewcode_imc_viewcodeUITests.framework */ = {isa = PBXFileReference; explicitFileType = wrapper.framework; includeInIndex = 0; path = Pods_imc_viewcode_imc_viewcodeUITests.framework; sourceTree = BUILT_PRODUCTS_DIR; };
		D7C666F7B52B46C5B300DAF0 /* Pods-imc_viewcode.release.xcconfig */ = {isa = PBXFileReference; includeInIndex = 1; lastKnownFileType = text.xcconfig; name = "Pods-imc_viewcode.release.xcconfig"; path = "Target Support Files/Pods-imc_viewcode/Pods-imc_viewcode.release.xcconfig"; sourceTree = "<group>"; };
		E1092928E12CB8711CF3BB4D /* Pods-imc_viewcode.debug.xcconfig */ = {isa = PBXFileReference; includeInIndex = 1; lastKnownFileType = text.xcconfig; name = "Pods-imc_viewcode.debug.xcconfig"; path = "Target Support Files/Pods-imc_viewcode/Pods-imc_viewcode.debug.xcconfig"; sourceTree = "<group>"; };
		E7DB0A7A7CD7D94636ABFE81 /* Pods-imc_viewcodeTests.debug.xcconfig */ = {isa = PBXFileReference; includeInIndex = 1; lastKnownFileType = text.xcconfig; name = "Pods-imc_viewcodeTests.debug.xcconfig"; path = "Target Support Files/Pods-imc_viewcodeTests/Pods-imc_viewcodeTests.debug.xcconfig"; sourceTree = "<group>"; };
/* End PBXFileReference section */

/* Begin PBXFrameworksBuildPhase section */
		4CB34B382774F3E200666C21 /* Frameworks */ = {
			isa = PBXFrameworksBuildPhase;
			buildActionMask = 2147483647;
			files = (
				9124BC782F54B0C844CD1D18 /* Pods_imc_viewcode.framework in Frameworks */,
			);
			runOnlyForDeploymentPostprocessing = 0;
		};
		4CB34B4E2774F3E600666C21 /* Frameworks */ = {
			isa = PBXFrameworksBuildPhase;
			buildActionMask = 2147483647;
			files = (
				3825C8AA800190382D189273 /* Pods_imc_viewcodeTests.framework in Frameworks */,
			);
			runOnlyForDeploymentPostprocessing = 0;
		};
		4CB34B582774F3E600666C21 /* Frameworks */ = {
			isa = PBXFrameworksBuildPhase;
			buildActionMask = 2147483647;
			files = (
				C19DA18A5F875727EB7E59B2 /* Pods_imc_viewcode_imc_viewcodeUITests.framework in Frameworks */,
			);
			runOnlyForDeploymentPostprocessing = 0;
		};
/* End PBXFrameworksBuildPhase section */

/* Begin PBXGroup section */
		1339AA604B355D68D8F61D3E /* Frameworks */ = {
			isa = PBXGroup;
			children = (
				1EE122AAC13F278D37BA4FD8 /* Pods_imc_viewcode.framework */,
				BF7282C8708F913622455B52 /* Pods_imc_viewcode_imc_viewcodeUITests.framework */,
				89981499D9D425A86146B6D7 /* Pods_imc_viewcodeTests.framework */,
			);
			name = Frameworks;
			sourceTree = "<group>";
		};
		4CB34B322774F3E200666C21 = {
			isa = PBXGroup;
			children = (
				4CB34B7B27752F1600666C21 /* .gitignore */,
				4CB34B3D2774F3E200666C21 /* imc_viewcode */,
				4CB34B542774F3E600666C21 /* imc_viewcodeTests */,
				4CB34B5E2774F3E600666C21 /* imc_viewcodeUITests */,
				4CB34B3C2774F3E200666C21 /* Products */,
				D6EE728ACF9A54BC9E95D690 /* Pods */,
				1339AA604B355D68D8F61D3E /* Frameworks */,
			);
			sourceTree = "<group>";
		};
		4CB34B3C2774F3E200666C21 /* Products */ = {
			isa = PBXGroup;
			children = (
				4CB34B3B2774F3E200666C21 /* imc_viewcode.app */,
				4CB34B512774F3E600666C21 /* imc_viewcodeTests.xctest */,
				4CB34B5B2774F3E600666C21 /* imc_viewcodeUITests.xctest */,
			);
			name = Products;
			sourceTree = "<group>";
		};
		4CB34B3D2774F3E200666C21 /* imc_viewcode */ = {
			isa = PBXGroup;
			children = (
				4CB34B762774F8AE00666C21 /* Protocols */,
				4CB34B722774F80600666C21 /* View */,
				4CB34B6F2774F77500666C21 /* Extensions */,
				4CB34B6E2774F76900666C21 /* Resources */,
				4CB34B3E2774F3E200666C21 /* AppDelegate.swift */,
				4CB34B422774F3E200666C21 /* ViewController.swift */,
				4CB34B472774F3E500666C21 /* Assets.xcassets */,
				4CB34B492774F3E500666C21 /* LaunchScreen.storyboard */,
				4CB34B4C2774F3E500666C21 /* Info.plist */,
			);
			path = imc_viewcode;
			sourceTree = "<group>";
		};
		4CB34B542774F3E600666C21 /* imc_viewcodeTests */ = {
			isa = PBXGroup;
			children = (
				4CB34B552774F3E600666C21 /* imc_viewcodeTests.swift */,
				4CB34B792774FB7300666C21 /* FirstScreenViewControllerSpec.swift */,
			);
			path = imc_viewcodeTests;
			sourceTree = "<group>";
		};
		4CB34B5E2774F3E600666C21 /* imc_viewcodeUITests */ = {
			isa = PBXGroup;
			children = (
				4CB34B5F2774F3E600666C21 /* imc_viewcodeUITests.swift */,
				4CB34B612774F3E600666C21 /* imc_viewcodeUITestsLaunchTests.swift */,
			);
			path = imc_viewcodeUITests;
			sourceTree = "<group>";
		};
		4CB34B6E2774F76900666C21 /* Resources */ = {
			isa = PBXGroup;
			children = (
			);
			path = Resources;
			sourceTree = "<group>";
		};
		4CB34B6F2774F77500666C21 /* Extensions */ = {
			isa = PBXGroup;
			children = (
				4CB34B702774F78700666C21 /* ColorExtensions.swift */,
			);
			path = Extensions;
			sourceTree = "<group>";
		};
		4CB34B722774F80600666C21 /* View */ = {
			isa = PBXGroup;
			children = (
				4CB34B742774F85D00666C21 /* FirstScreenViewController.swift */,
			);
			path = View;
			sourceTree = "<group>";
		};
		4CB34B762774F8AE00666C21 /* Protocols */ = {
			isa = PBXGroup;
			children = (
				4CB34B772774F8BB00666C21 /* CodeViewProtocol.swift */,
			);
			path = Protocols;
			sourceTree = "<group>";
		};
		D6EE728ACF9A54BC9E95D690 /* Pods */ = {
			isa = PBXGroup;
			children = (
				E1092928E12CB8711CF3BB4D /* Pods-imc_viewcode.debug.xcconfig */,
				D7C666F7B52B46C5B300DAF0 /* Pods-imc_viewcode.release.xcconfig */,
				33F1916AF0C118CAB1C96818 /* Pods-imc_viewcode-imc_viewcodeUITests.debug.xcconfig */,
				5D32B662B32E1718EE05A6A5 /* Pods-imc_viewcode-imc_viewcodeUITests.release.xcconfig */,
				E7DB0A7A7CD7D94636ABFE81 /* Pods-imc_viewcodeTests.debug.xcconfig */,
				76B7B2AA02D1746A878AD5BB /* Pods-imc_viewcodeTests.release.xcconfig */,
			);
			path = Pods;
			sourceTree = "<group>";
		};
/* End PBXGroup section */

/* Begin PBXNativeTarget section */
		4CB34B3A2774F3E200666C21 /* imc_viewcode */ = {
			isa = PBXNativeTarget;
			buildConfigurationList = 4CB34B652774F3E600666C21 /* Build configuration list for PBXNativeTarget "imc_viewcode" */;
			buildPhases = (
				DC21439E564ED663869ADF66 /* [CP] Check Pods Manifest.lock */,
				4CB34B372774F3E200666C21 /* Sources */,
				4CB34B382774F3E200666C21 /* Frameworks */,
				4CB34B392774F3E200666C21 /* Resources */,
				36ACCF9E1701B4887E8B95BD /* [CP] Embed Pods Frameworks */,
			);
			buildRules = (
			);
			dependencies = (
			);
			name = imc_viewcode;
			productName = imc_viewcode;
			productReference = 4CB34B3B2774F3E200666C21 /* imc_viewcode.app */;
			productType = "com.apple.product-type.application";
		};
		4CB34B502774F3E600666C21 /* imc_viewcodeTests */ = {
			isa = PBXNativeTarget;
			buildConfigurationList = 4CB34B682774F3E600666C21 /* Build configuration list for PBXNativeTarget "imc_viewcodeTests" */;
			buildPhases = (
				DC9823C2C3D5B9F13725A84D /* [CP] Check Pods Manifest.lock */,
				4CB34B4D2774F3E600666C21 /* Sources */,
				4CB34B4E2774F3E600666C21 /* Frameworks */,
				4CB34B4F2774F3E600666C21 /* Resources */,
				F9709EC8ECB974026C7C433A /* [CP] Embed Pods Frameworks */,
			);
			buildRules = (
			);
			dependencies = (
				4CB34B532774F3E600666C21 /* PBXTargetDependency */,
			);
			name = imc_viewcodeTests;
			productName = imc_viewcodeTests;
			productReference = 4CB34B512774F3E600666C21 /* imc_viewcodeTests.xctest */;
			productType = "com.apple.product-type.bundle.unit-test";
		};
		4CB34B5A2774F3E600666C21 /* imc_viewcodeUITests */ = {
			isa = PBXNativeTarget;
			buildConfigurationList = 4CB34B6B2774F3E600666C21 /* Build configuration list for PBXNativeTarget "imc_viewcodeUITests" */;
			buildPhases = (
				BFB00EC2EB0B9E622168DBC4 /* [CP] Check Pods Manifest.lock */,
				4CB34B572774F3E600666C21 /* Sources */,
				4CB34B582774F3E600666C21 /* Frameworks */,
				4CB34B592774F3E600666C21 /* Resources */,
				8E9CC1D6A316FD83873FA6F5 /* [CP] Embed Pods Frameworks */,
			);
			buildRules = (
			);
			dependencies = (
				4CB34B5D2774F3E600666C21 /* PBXTargetDependency */,
			);
			name = imc_viewcodeUITests;
			productName = imc_viewcodeUITests;
			productReference = 4CB34B5B2774F3E600666C21 /* imc_viewcodeUITests.xctest */;
			productType = "com.apple.product-type.bundle.ui-testing";
		};
/* End PBXNativeTarget section */

/* Begin PBXProject section */
		4CB34B332774F3E200666C21 /* Project object */ = {
			isa = PBXProject;
			attributes = {
				BuildIndependentTargetsInParallel = 1;
				LastSwiftUpdateCheck = 1320;
				LastUpgradeCheck = 1320;
				TargetAttributes = {
					4CB34B3A2774F3E200666C21 = {
						CreatedOnToolsVersion = 13.2.1;
					};
					4CB34B502774F3E600666C21 = {
						CreatedOnToolsVersion = 13.2.1;
						TestTargetID = 4CB34B3A2774F3E200666C21;
					};
					4CB34B5A2774F3E600666C21 = {
						CreatedOnToolsVersion = 13.2.1;
						TestTargetID = 4CB34B3A2774F3E200666C21;
					};
				};
			};
			buildConfigurationList = 4CB34B362774F3E200666C21 /* Build configuration list for PBXProject "imc_viewcode" */;
			compatibilityVersion = "Xcode 13.0";
			developmentRegion = en;
			hasScannedForEncodings = 0;
			knownRegions = (
				en,
				Base,
			);
			mainGroup = 4CB34B322774F3E200666C21;
			productRefGroup = 4CB34B3C2774F3E200666C21 /* Products */;
			projectDirPath = "";
			projectRoot = "";
			targets = (
				4CB34B3A2774F3E200666C21 /* imc_viewcode */,
				4CB34B502774F3E600666C21 /* imc_viewcodeTests */,
				4CB34B5A2774F3E600666C21 /* imc_viewcodeUITests */,
			);
		};
/* End PBXProject section */

/* Begin PBXResourcesBuildPhase section */
		4CB34B392774F3E200666C21 /* Resources */ = {
			isa = PBXResourcesBuildPhase;
			buildActionMask = 2147483647;
			files = (
				4CB34B4B2774F3E500666C21 /* LaunchScreen.storyboard in Resources */,
				4CB34B7C27752F1600666C21 /* .gitignore in Resources */,
				4CB34B482774F3E500666C21 /* Assets.xcassets in Resources */,
			);
			runOnlyForDeploymentPostprocessing = 0;
		};
		4CB34B4F2774F3E600666C21 /* Resources */ = {
			isa = PBXResourcesBuildPhase;
			buildActionMask = 2147483647;
			files = (
			);
			runOnlyForDeploymentPostprocessing = 0;
		};
		4CB34B592774F3E600666C21 /* Resources */ = {
			isa = PBXResourcesBuildPhase;
			buildActionMask = 2147483647;
			files = (
			);
			runOnlyForDeploymentPostprocessing = 0;
		};
/* End PBXResourcesBuildPhase section */

/* Begin PBXShellScriptBuildPhase section */
		36ACCF9E1701B4887E8B95BD /* [CP] Embed Pods Frameworks */ = {
			isa = PBXShellScriptBuildPhase;
			buildActionMask = 2147483647;
			files = (
			);
			inputFileListPaths = (
				"${PODS_ROOT}/Target Support Files/Pods-imc_viewcode/Pods-imc_viewcode-frameworks-${CONFIGURATION}-input-files.xcfilelist",
			);
			name = "[CP] Embed Pods Frameworks";
			outputFileListPaths = (
				"${PODS_ROOT}/Target Support Files/Pods-imc_viewcode/Pods-imc_viewcode-frameworks-${CONFIGURATION}-output-files.xcfilelist",
			);
			runOnlyForDeploymentPostprocessing = 0;
			shellPath = /bin/sh;
			shellScript = "\"${PODS_ROOT}/Target Support Files/Pods-imc_viewcode/Pods-imc_viewcode-frameworks.sh\"\n";
			showEnvVarsInLog = 0;
		};
		8E9CC1D6A316FD83873FA6F5 /* [CP] Embed Pods Frameworks */ = {
			isa = PBXShellScriptBuildPhase;
			buildActionMask = 2147483647;
			files = (
			);
			inputFileListPaths = (
				"${PODS_ROOT}/Target Support Files/Pods-imc_viewcode-imc_viewcodeUITests/Pods-imc_viewcode-imc_viewcodeUITests-frameworks-${CONFIGURATION}-input-files.xcfilelist",
			);
			name = "[CP] Embed Pods Frameworks";
			outputFileListPaths = (
				"${PODS_ROOT}/Target Support Files/Pods-imc_viewcode-imc_viewcodeUITests/Pods-imc_viewcode-imc_viewcodeUITests-frameworks-${CONFIGURATION}-output-files.xcfilelist",
			);
			runOnlyForDeploymentPostprocessing = 0;
			shellPath = /bin/sh;
			shellScript = "\"${PODS_ROOT}/Target Support Files/Pods-imc_viewcode-imc_viewcodeUITests/Pods-imc_viewcode-imc_viewcodeUITests-frameworks.sh\"\n";
			showEnvVarsInLog = 0;
		};
		BFB00EC2EB0B9E622168DBC4 /* [CP] Check Pods Manifest.lock */ = {
			isa = PBXShellScriptBuildPhase;
			buildActionMask = 2147483647;
			files = (
			);
			inputFileListPaths = (
			);
			inputPaths = (
				"${PODS_PODFILE_DIR_PATH}/Podfile.lock",
				"${PODS_ROOT}/Manifest.lock",
			);
			name = "[CP] Check Pods Manifest.lock";
			outputFileListPaths = (
			);
			outputPaths = (
				"$(DERIVED_FILE_DIR)/Pods-imc_viewcode-imc_viewcodeUITests-checkManifestLockResult.txt",
			);
			runOnlyForDeploymentPostprocessing = 0;
			shellPath = /bin/sh;
			shellScript = "diff \"${PODS_PODFILE_DIR_PATH}/Podfile.lock\" \"${PODS_ROOT}/Manifest.lock\" > /dev/null\nif [ $? != 0 ] ; then\n    # print error to STDERR\n    echo \"error: The sandbox is not in sync with the Podfile.lock. Run 'pod install' or update your CocoaPods installation.\" >&2\n    exit 1\nfi\n# This output is used by Xcode 'outputs' to avoid re-running this script phase.\necho \"SUCCESS\" > \"${SCRIPT_OUTPUT_FILE_0}\"\n";
			showEnvVarsInLog = 0;
		};
		DC21439E564ED663869ADF66 /* [CP] Check Pods Manifest.lock */ = {
			isa = PBXShellScriptBuildPhase;
			buildActionMask = 2147483647;
			files = (
			);
			inputFileListPaths = (
			);
			inputPaths = (
				"${PODS_PODFILE_DIR_PATH}/Podfile.lock",
				"${PODS_ROOT}/Manifest.lock",
			);
			name = "[CP] Check Pods Manifest.lock";
			outputFileListPaths = (
			);
			outputPaths = (
				"$(DERIVED_FILE_DIR)/Pods-imc_viewcode-checkManifestLockResult.txt",
			);
			runOnlyForDeploymentPostprocessing = 0;
			shellPath = /bin/sh;
			shellScript = "diff \"${PODS_PODFILE_DIR_PATH}/Podfile.lock\" \"${PODS_ROOT}/Manifest.lock\" > /dev/null\nif [ $? != 0 ] ; then\n    # print error to STDERR\n    echo \"error: The sandbox is not in sync with the Podfile.lock. Run 'pod install' or update your CocoaPods installation.\" >&2\n    exit 1\nfi\n# This output is used by Xcode 'outputs' to avoid re-running this script phase.\necho \"SUCCESS\" > \"${SCRIPT_OUTPUT_FILE_0}\"\n";
			showEnvVarsInLog = 0;
		};
		DC9823C2C3D5B9F13725A84D /* [CP] Check Pods Manifest.lock */ = {
			isa = PBXShellScriptBuildPhase;
			buildActionMask = 2147483647;
			files = (
			);
			inputFileListPaths = (
			);
			inputPaths = (
				"${PODS_PODFILE_DIR_PATH}/Podfile.lock",
				"${PODS_ROOT}/Manifest.lock",
			);
			name = "[CP] Check Pods Manifest.lock";
			outputFileListPaths = (
			);
			outputPaths = (
				"$(DERIVED_FILE_DIR)/Pods-imc_viewcodeTests-checkManifestLockResult.txt",
			);
			runOnlyForDeploymentPostprocessing = 0;
			shellPath = /bin/sh;
			shellScript = "diff \"${PODS_PODFILE_DIR_PATH}/Podfile.lock\" \"${PODS_ROOT}/Manifest.lock\" > /dev/null\nif [ $? != 0 ] ; then\n    # print error to STDERR\n    echo \"error: The sandbox is not in sync with the Podfile.lock. Run 'pod install' or update your CocoaPods installation.\" >&2\n    exit 1\nfi\n# This output is used by Xcode 'outputs' to avoid re-running this script phase.\necho \"SUCCESS\" > \"${SCRIPT_OUTPUT_FILE_0}\"\n";
			showEnvVarsInLog = 0;
		};
		F9709EC8ECB974026C7C433A /* [CP] Embed Pods Frameworks */ = {
			isa = PBXShellScriptBuildPhase;
			buildActionMask = 2147483647;
			files = (
			);
			inputFileListPaths = (
				"${PODS_ROOT}/Target Support Files/Pods-imc_viewcodeTests/Pods-imc_viewcodeTests-frameworks-${CONFIGURATION}-input-files.xcfilelist",
			);
			name = "[CP] Embed Pods Frameworks";
			outputFileListPaths = (
				"${PODS_ROOT}/Target Support Files/Pods-imc_viewcodeTests/Pods-imc_viewcodeTests-frameworks-${CONFIGURATION}-output-files.xcfilelist",
			);
			runOnlyForDeploymentPostprocessing = 0;
			shellPath = /bin/sh;
			shellScript = "\"${PODS_ROOT}/Target Support Files/Pods-imc_viewcodeTests/Pods-imc_viewcodeTests-frameworks.sh\"\n";
			showEnvVarsInLog = 0;
		};
/* End PBXShellScriptBuildPhase section */

/* Begin PBXSourcesBuildPhase section */
		4CB34B372774F3E200666C21 /* Sources */ = {
			isa = PBXSourcesBuildPhase;
			buildActionMask = 2147483647;
			files = (
				4CB34B432774F3E200666C21 /* ViewController.swift in Sources */,
				4CB34B3F2774F3E200666C21 /* AppDelegate.swift in Sources */,
				4CB34B712774F78700666C21 /* ColorExtensions.swift in Sources */,
				4CB34B782774F8BB00666C21 /* CodeViewProtocol.swift in Sources */,
				4CB34B752774F85D00666C21 /* FirstScreenViewController.swift in Sources */,
			);
			runOnlyForDeploymentPostprocessing = 0;
		};
		4CB34B4D2774F3E600666C21 /* Sources */ = {
			isa = PBXSourcesBuildPhase;
			buildActionMask = 2147483647;
			files = (
				4CB34B7A2774FB7300666C21 /* FirstScreenViewControllerSpec.swift in Sources */,
				4CB34B562774F3E600666C21 /* imc_viewcodeTests.swift in Sources */,
			);
			runOnlyForDeploymentPostprocessing = 0;
		};
		4CB34B572774F3E600666C21 /* Sources */ = {
			isa = PBXSourcesBuildPhase;
			buildActionMask = 2147483647;
			files = (
				4CB34B622774F3E600666C21 /* imc_viewcodeUITestsLaunchTests.swift in Sources */,
				4CB34B602774F3E600666C21 /* imc_viewcodeUITests.swift in Sources */,
			);
			runOnlyForDeploymentPostprocessing = 0;
		};
/* End PBXSourcesBuildPhase section */

/* Begin PBXTargetDependency section */
		4CB34B532774F3E600666C21 /* PBXTargetDependency */ = {
			isa = PBXTargetDependency;
			target = 4CB34B3A2774F3E200666C21 /* imc_viewcode */;
			targetProxy = 4CB34B522774F3E600666C21 /* PBXContainerItemProxy */;
		};
		4CB34B5D2774F3E600666C21 /* PBXTargetDependency */ = {
			isa = PBXTargetDependency;
			target = 4CB34B3A2774F3E200666C21 /* imc_viewcode */;
			targetProxy = 4CB34B5C2774F3E600666C21 /* PBXContainerItemProxy */;
		};
/* End PBXTargetDependency section */

/* Begin PBXVariantGroup section */
		4CB34B492774F3E500666C21 /* LaunchScreen.storyboard */ = {
			isa = PBXVariantGroup;
			children = (
				4CB34B4A2774F3E500666C21 /* Base */,
			);
			name = LaunchScreen.storyboard;
			sourceTree = "<group>";
		};
/* End PBXVariantGroup section */

/* Begin XCBuildConfiguration section */
		4CB34B632774F3E600666C21 /* Debug */ = {
			isa = XCBuildConfiguration;
			buildSettings = {
				ALWAYS_SEARCH_USER_PATHS = NO;
				CLANG_ANALYZER_NONNULL = YES;
				CLANG_ANALYZER_NUMBER_OBJECT_CONVERSION = YES_AGGRESSIVE;
				CLANG_CXX_LANGUAGE_STANDARD = "gnu++17";
				CLANG_CXX_LIBRARY = "libc++";
				CLANG_ENABLE_MODULES = YES;
				CLANG_ENABLE_OBJC_ARC = YES;
				CLANG_ENABLE_OBJC_WEAK = YES;
				CLANG_WARN_BLOCK_CAPTURE_AUTORELEASING = YES;
				CLANG_WARN_BOOL_CONVERSION = YES;
				CLANG_WARN_COMMA = YES;
				CLANG_WARN_CONSTANT_CONVERSION = YES;
				CLANG_WARN_DEPRECATED_OBJC_IMPLEMENTATIONS = YES;
				CLANG_WARN_DIRECT_OBJC_ISA_USAGE = YES_ERROR;
				CLANG_WARN_DOCUMENTATION_COMMENTS = YES;
				CLANG_WARN_EMPTY_BODY = YES;
				CLANG_WARN_ENUM_CONVERSION = YES;
				CLANG_WARN_INFINITE_RECURSION = YES;
				CLANG_WARN_INT_CONVERSION = YES;
				CLANG_WARN_NON_LITERAL_NULL_CONVERSION = YES;
				CLANG_WARN_OBJC_IMPLICIT_RETAIN_SELF = YES;
				CLANG_WARN_OBJC_LITERAL_CONVERSION = YES;
				CLANG_WARN_OBJC_ROOT_CLASS = YES_ERROR;
				CLANG_WARN_QUOTED_INCLUDE_IN_FRAMEWORK_HEADER = YES;
				CLANG_WARN_RANGE_LOOP_ANALYSIS = YES;
				CLANG_WARN_STRICT_PROTOTYPES = YES;
				CLANG_WARN_SUSPICIOUS_MOVE = YES;
				CLANG_WARN_UNGUARDED_AVAILABILITY = YES_AGGRESSIVE;
				CLANG_WARN_UNREACHABLE_CODE = YES;
				CLANG_WARN__DUPLICATE_METHOD_MATCH = YES;
				COPY_PHASE_STRIP = NO;
				DEBUG_INFORMATION_FORMAT = dwarf;
				ENABLE_STRICT_OBJC_MSGSEND = YES;
				ENABLE_TESTABILITY = YES;
				GCC_C_LANGUAGE_STANDARD = gnu11;
				GCC_DYNAMIC_NO_PIC = NO;
				GCC_NO_COMMON_BLOCKS = YES;
				GCC_OPTIMIZATION_LEVEL = 0;
				GCC_PREPROCESSOR_DEFINITIONS = (
					"DEBUG=1",
					"$(inherited)",
				);
				GCC_WARN_64_TO_32_BIT_CONVERSION = YES;
				GCC_WARN_ABOUT_RETURN_TYPE = YES_ERROR;
				GCC_WARN_UNDECLARED_SELECTOR = YES;
				GCC_WARN_UNINITIALIZED_AUTOS = YES_AGGRESSIVE;
				GCC_WARN_UNUSED_FUNCTION = YES;
				GCC_WARN_UNUSED_VARIABLE = YES;
				IPHONEOS_DEPLOYMENT_TARGET = 15.2;
				MTL_ENABLE_DEBUG_INFO = INCLUDE_SOURCE;
				MTL_FAST_MATH = YES;
				ONLY_ACTIVE_ARCH = YES;
				SDKROOT = iphoneos;
				SWIFT_ACTIVE_COMPILATION_CONDITIONS = DEBUG;
				SWIFT_OPTIMIZATION_LEVEL = "-Onone";
			};
			name = Debug;
		};
		4CB34B642774F3E600666C21 /* Release */ = {
			isa = XCBuildConfiguration;
			buildSettings = {
				ALWAYS_SEARCH_USER_PATHS = NO;
				CLANG_ANALYZER_NONNULL = YES;
				CLANG_ANALYZER_NUMBER_OBJECT_CONVERSION = YES_AGGRESSIVE;
				CLANG_CXX_LANGUAGE_STANDARD = "gnu++17";
				CLANG_CXX_LIBRARY = "libc++";
				CLANG_ENABLE_MODULES = YES;
				CLANG_ENABLE_OBJC_ARC = YES;
				CLANG_ENABLE_OBJC_WEAK = YES;
				CLANG_WARN_BLOCK_CAPTURE_AUTORELEASING = YES;
				CLANG_WARN_BOOL_CONVERSION = YES;
				CLANG_WARN_COMMA = YES;
				CLANG_WARN_CONSTANT_CONVERSION = YES;
				CLANG_WARN_DEPRECATED_OBJC_IMPLEMENTATIONS = YES;
				CLANG_WARN_DIRECT_OBJC_ISA_USAGE = YES_ERROR;
				CLANG_WARN_DOCUMENTATION_COMMENTS = YES;
				CLANG_WARN_EMPTY_BODY = YES;
				CLANG_WARN_ENUM_CONVERSION = YES;
				CLANG_WARN_INFINITE_RECURSION = YES;
				CLANG_WARN_INT_CONVERSION = YES;
				CLANG_WARN_NON_LITERAL_NULL_CONVERSION = YES;
				CLANG_WARN_OBJC_IMPLICIT_RETAIN_SELF = YES;
				CLANG_WARN_OBJC_LITERAL_CONVERSION = YES;
				CLANG_WARN_OBJC_ROOT_CLASS = YES_ERROR;
				CLANG_WARN_QUOTED_INCLUDE_IN_FRAMEWORK_HEADER = YES;
				CLANG_WARN_RANGE_LOOP_ANALYSIS = YES;
				CLANG_WARN_STRICT_PROTOTYPES = YES;
				CLANG_WARN_SUSPICIOUS_MOVE = YES;
				CLANG_WARN_UNGUARDED_AVAILABILITY = YES_AGGRESSIVE;
				CLANG_WARN_UNREACHABLE_CODE = YES;
				CLANG_WARN__DUPLICATE_METHOD_MATCH = YES;
				COPY_PHASE_STRIP = NO;
				DEBUG_INFORMATION_FORMAT = "dwarf-with-dsym";
				ENABLE_NS_ASSERTIONS = NO;
				ENABLE_STRICT_OBJC_MSGSEND = YES;
				GCC_C_LANGUAGE_STANDARD = gnu11;
				GCC_NO_COMMON_BLOCKS = YES;
				GCC_WARN_64_TO_32_BIT_CONVERSION = YES;
				GCC_WARN_ABOUT_RETURN_TYPE = YES_ERROR;
				GCC_WARN_UNDECLARED_SELECTOR = YES;
				GCC_WARN_UNINITIALIZED_AUTOS = YES_AGGRESSIVE;
				GCC_WARN_UNUSED_FUNCTION = YES;
				GCC_WARN_UNUSED_VARIABLE = YES;
				IPHONEOS_DEPLOYMENT_TARGET = 15.2;
				MTL_ENABLE_DEBUG_INFO = NO;
				MTL_FAST_MATH = YES;
				SDKROOT = iphoneos;
				SWIFT_COMPILATION_MODE = wholemodule;
				SWIFT_OPTIMIZATION_LEVEL = "-O";
				VALIDATE_PRODUCT = YES;
			};
			name = Release;
		};
		4CB34B662774F3E600666C21 /* Debug */ = {
			isa = XCBuildConfiguration;
			baseConfigurationReference = E1092928E12CB8711CF3BB4D /* Pods-imc_viewcode.debug.xcconfig */;
			buildSettings = {
				ASSETCATALOG_COMPILER_APPICON_NAME = AppIcon;
				ASSETCATALOG_COMPILER_GLOBAL_ACCENT_COLOR_NAME = AccentColor;
				CODE_SIGN_STYLE = Automatic;
				CURRENT_PROJECT_VERSION = 1;
				DEVELOPMENT_TEAM = ZX8B9U4537;
				GENERATE_INFOPLIST_FILE = YES;
				INFOPLIST_FILE = imc_viewcode/Info.plist;
				INFOPLIST_KEY_CFBundleDisplayName = IMC;
				INFOPLIST_KEY_UIApplicationSupportsIndirectInputEvents = YES;
				INFOPLIST_KEY_UILaunchStoryboardName = LaunchScreen;
				INFOPLIST_KEY_UISupportedInterfaceOrientations = UIInterfaceOrientationPortrait;
				INFOPLIST_KEY_UISupportedInterfaceOrientations_iPad = "UIInterfaceOrientationPortrait UIInterfaceOrientationPortraitUpsideDown UIInterfaceOrientationLandscapeLeft UIInterfaceOrientationLandscapeRight";
				INFOPLIST_KEY_UISupportedInterfaceOrientations_iPhone = "UIInterfaceOrientationPortrait UIInterfaceOrientationLandscapeLeft UIInterfaceOrientationLandscapeRight";
				LD_RUNPATH_SEARCH_PATHS = (
					"$(inherited)",
					"@executable_path/Frameworks",
				);
				MARKETING_VERSION = 1.0;
				PRODUCT_BUNDLE_IDENTIFIER = com.danielaraujo.imc;
				PRODUCT_NAME = "$(TARGET_NAME)";
				SWIFT_EMIT_LOC_STRINGS = YES;
				SWIFT_VERSION = 5.0;
				TARGETED_DEVICE_FAMILY = 1;
			};
			name = Debug;
		};
		4CB34B672774F3E600666C21 /* Release */ = {
			isa = XCBuildConfiguration;
			baseConfigurationReference = D7C666F7B52B46C5B300DAF0 /* Pods-imc_viewcode.release.xcconfig */;
			buildSettings = {
				ASSETCATALOG_COMPILER_APPICON_NAME = AppIcon;
				ASSETCATALOG_COMPILER_GLOBAL_ACCENT_COLOR_NAME = AccentColor;
				CODE_SIGN_STYLE = Automatic;
				CURRENT_PROJECT_VERSION = 1;
				DEVELOPMENT_TEAM = ZX8B9U4537;
				GENERATE_INFOPLIST_FILE = YES;
				INFOPLIST_FILE = imc_viewcode/Info.plist;
				INFOPLIST_KEY_CFBundleDisplayName = IMC;
				INFOPLIST_KEY_UIApplicationSupportsIndirectInputEvents = YES;
				INFOPLIST_KEY_UILaunchStoryboardName = LaunchScreen;
				INFOPLIST_KEY_UISupportedInterfaceOrientations = UIInterfaceOrientationPortrait;
				INFOPLIST_KEY_UISupportedInterfaceOrientations_iPad = "UIInterfaceOrientationPortrait UIInterfaceOrientationPortraitUpsideDown UIInterfaceOrientationLandscapeLeft UIInterfaceOrientationLandscapeRight";
				INFOPLIST_KEY_UISupportedInterfaceOrientations_iPhone = "UIInterfaceOrientationPortrait UIInterfaceOrientationLandscapeLeft UIInterfaceOrientationLandscapeRight";
				LD_RUNPATH_SEARCH_PATHS = (
					"$(inherited)",
					"@executable_path/Frameworks",
				);
				MARKETING_VERSION = 1.0;
				PRODUCT_BUNDLE_IDENTIFIER = com.danielaraujo.imc;
				PRODUCT_NAME = "$(TARGET_NAME)";
				SWIFT_EMIT_LOC_STRINGS = YES;
				SWIFT_VERSION = 5.0;
				TARGETED_DEVICE_FAMILY = 1;
			};
			name = Release;
		};
		4CB34B692774F3E600666C21 /* Debug */ = {
			isa = XCBuildConfiguration;
			baseConfigurationReference = E7DB0A7A7CD7D94636ABFE81 /* Pods-imc_viewcodeTests.debug.xcconfig */;
			buildSettings = {
				ALWAYS_EMBED_SWIFT_STANDARD_LIBRARIES = YES;
				BUNDLE_LOADER = "$(TEST_HOST)";
				CODE_SIGN_STYLE = Automatic;
				CURRENT_PROJECT_VERSION = 1;
				DEVELOPMENT_TEAM = ZX8B9U4537;
				GENERATE_INFOPLIST_FILE = YES;
				IPHONEOS_DEPLOYMENT_TARGET = 15.2;
				MARKETING_VERSION = 1.0;
				PRODUCT_BUNDLE_IDENTIFIER = "com.danielaraujo.imc-viewcodeTests";
				PRODUCT_NAME = "$(TARGET_NAME)";
				SWIFT_EMIT_LOC_STRINGS = NO;
				SWIFT_VERSION = 5.0;
				TARGETED_DEVICE_FAMILY = "1,2";
				TEST_HOST = "$(BUILT_PRODUCTS_DIR)/imc_viewcode.app/imc_viewcode";
			};
			name = Debug;
		};
		4CB34B6A2774F3E600666C21 /* Release */ = {
			isa = XCBuildConfiguration;
			baseConfigurationReference = 76B7B2AA02D1746A878AD5BB /* Pods-imc_viewcodeTests.release.xcconfig */;
			buildSettings = {
				ALWAYS_EMBED_SWIFT_STANDARD_LIBRARIES = YES;
				BUNDLE_LOADER = "$(TEST_HOST)";
				CODE_SIGN_STYLE = Automatic;
				CURRENT_PROJECT_VERSION = 1;
				DEVELOPMENT_TEAM = ZX8B9U4537;
				GENERATE_INFOPLIST_FILE = YES;
				IPHONEOS_DEPLOYMENT_TARGET = 15.2;
				MARKETING_VERSION = 1.0;
				PRODUCT_BUNDLE_IDENTIFIER = "com.danielaraujo.imc-viewcodeTests";
				PRODUCT_NAME = "$(TARGET_NAME)";
				SWIFT_EMIT_LOC_STRINGS = NO;
				SWIFT_VERSION = 5.0;
				TARGETED_DEVICE_FAMILY = "1,2";
				TEST_HOST = "$(BUILT_PRODUCTS_DIR)/imc_viewcode.app/imc_viewcode";
			};
			name = Release;
		};
		4CB34B6C2774F3E600666C21 /* Debug */ = {
			isa = XCBuildConfiguration;
			baseConfigurationReference = 33F1916AF0C118CAB1C96818 /* Pods-imc_viewcode-imc_viewcodeUITests.debug.xcconfig */;
			buildSettings = {
				ALWAYS_EMBED_SWIFT_STANDARD_LIBRARIES = YES;
				CODE_SIGN_STYLE = Automatic;
				CURRENT_PROJECT_VERSION = 1;
				DEVELOPMENT_TEAM = ZX8B9U4537;
				GENERATE_INFOPLIST_FILE = YES;
				MARKETING_VERSION = 1.0;
				PRODUCT_BUNDLE_IDENTIFIER = "com.danielaraujo.imc-viewcodeUITests";
				PRODUCT_NAME = "$(TARGET_NAME)";
				SWIFT_EMIT_LOC_STRINGS = NO;
				SWIFT_VERSION = 5.0;
				TARGETED_DEVICE_FAMILY = "1,2";
				TEST_TARGET_NAME = imc_viewcode;
			};
			name = Debug;
		};
		4CB34B6D2774F3E600666C21 /* Release */ = {
			isa = XCBuildConfiguration;
			baseConfigurationReference = 5D32B662B32E1718EE05A6A5 /* Pods-imc_viewcode-imc_viewcodeUITests.release.xcconfig */;
			buildSettings = {
				ALWAYS_EMBED_SWIFT_STANDARD_LIBRARIES = YES;
				CODE_SIGN_STYLE = Automatic;
				CURRENT_PROJECT_VERSION = 1;
				DEVELOPMENT_TEAM = ZX8B9U4537;
				GENERATE_INFOPLIST_FILE = YES;
				MARKETING_VERSION = 1.0;
				PRODUCT_BUNDLE_IDENTIFIER = "com.danielaraujo.imc-viewcodeUITests";
				PRODUCT_NAME = "$(TARGET_NAME)";
				SWIFT_EMIT_LOC_STRINGS = NO;
				SWIFT_VERSION = 5.0;
				TARGETED_DEVICE_FAMILY = "1,2";
				TEST_TARGET_NAME = imc_viewcode;
			};
			name = Release;
		};
/* End XCBuildConfiguration section */

/* Begin XCConfigurationList section */
		4CB34B362774F3E200666C21 /* Build configuration list for PBXProject "imc_viewcode" */ = {
			isa = XCConfigurationList;
			buildConfigurations = (
				4CB34B632774F3E600666C21 /* Debug */,
				4CB34B642774F3E600666C21 /* Release */,
			);
			defaultConfigurationIsVisible = 0;
			defaultConfigurationName = Release;
		};
		4CB34B652774F3E600666C21 /* Build configuration list for PBXNativeTarget "imc_viewcode" */ = {
			isa = XCConfigurationList;
			buildConfigurations = (
				4CB34B662774F3E600666C21 /* Debug */,
				4CB34B672774F3E600666C21 /* Release */,
			);
			defaultConfigurationIsVisible = 0;
			defaultConfigurationName = Release;
		};
		4CB34B682774F3E600666C21 /* Build configuration list for PBXNativeTarget "imc_viewcodeTests" */ = {
			isa = XCConfigurationList;
			buildConfigurations = (
				4CB34B692774F3E600666C21 /* Debug */,
				4CB34B6A2774F3E600666C21 /* Release */,
			);
			defaultConfigurationIsVisible = 0;
			defaultConfigurationName = Release;
		};
		4CB34B6B2774F3E600666C21 /* Build configuration list for PBXNativeTarget "imc_viewcodeUITests" */ = {
			isa = XCConfigurationList;
			buildConfigurations = (
				4CB34B6C2774F3E600666C21 /* Debug */,
				4CB34B6D2774F3E600666C21 /* Release */,
			);
			defaultConfigurationIsVisible = 0;
			defaultConfigurationName = Release;
		};
/* End XCConfigurationList section */
	};
	rootObject = 4CB34B332774F3E200666C21 /* Project object */;
}
